
Microsoft Visual Studio Solution File, Format Version 12.00
# Visual Studio 15
VisualStudioVersion = 15.0.26403.7
MinimumVisualStudioVersion = 10.0.40219.1
Project("{FAE04EC0-301F-11D3-BF4B-00C04F79EFBC}") = "Aula3107_Console", "Aula3107_Console\Aula3107_Console.csproj", "{1FE5E5A4-431E-4C4D-9199-8E93D0E5E395}"
EndProject
Project("{FAE04EC0-301F-11D3-BF4B-00C04F79EFBC}") = "Aula0208_POO", "Aula0208_POO\Aula0208_POO.csproj", "{DF37542B-99E7-4F1E-BA1E-B1F6F2AA3AA1}"
EndProject
Project("{FAE04EC0-301F-11D3-BF4B-00C04F79EFBC}") = "WpfApp1", "WpfApp1\WpfApp1.csproj", "{48B50DCE-ACD8-4658-AF93-410DC395D149}"
EndProject
Project("{FAE04EC0-301F-11D3-BF4B-00C04F79EFBC}") = "CalculadoraWPF", "CalculadoraWPF\CalculadoraWPF.csproj", "{B394FCC7-046B-4E48-94C6-D52FF7B22401}"
EndProject
Project("{FAE04EC0-301F-11D3-BF4B-00C04F79EFBC}") = "AulaEntityFramework01", "AulaEntityFramework01\AulaEntityFramework01.csproj", "{4716828B-117D-4139-A260-51DA01A9ACE2}"
EndProject
Project("{FAE04EC0-301F-11D3-BF4B-00C04F79EFBC}") = "AulaEntityFrameworkDBFirst", "AulaEntityFrameworkDBFirst\AulaEntityFrameworkDBFirst.csproj", "{9DA751A8-2526-4FF7-9E20-DA9C921AFCFB}"
EndProject
Project("{FAE04EC0-301F-11D3-BF4B-00C04F79EFBC}") = "AulaCodeFirst", "AulaCodeFirst\AulaCodeFirst.csproj", "{D59E231B-09C2-497B-8808-BD095F876F37}"
EndProject
Global
	GlobalSection(SolutionConfigurationPlatforms) = preSolution
		Debug|Any CPU = Debug|Any CPU
		Release|Any CPU = Release|Any CPU
	EndGlobalSection
	GlobalSection(ProjectConfigurationPlatforms) = postSolution
		{1FE5E5A4-431E-4C4D-9199-8E93D0E5E395}.Debug|Any CPU.ActiveCfg = Debug|Any CPU
		{1FE5E5A4-431E-4C4D-9199-8E93D0E5E395}.Debug|Any CPU.Build.0 = Debug|Any CPU
		{1FE5E5A4-431E-4C4D-9199-8E93D0E5E395}.Release|Any CPU.ActiveCfg = Release|Any CPU
		{1FE5E5A4-431E-4C4D-9199-8E93D0E5E395}.Release|Any CPU.Build.0 = Release|Any CPU
		{DF37542B-99E7-4F1E-BA1E-B1F6F2AA3AA1}.Debug|Any CPU.ActiveCfg = Debug|Any CPU
		{DF37542B-99E7-4F1E-BA1E-B1F6F2AA3AA1}.Debug|Any CPU.Build.0 = Debug|Any CPU
		{DF37542B-99E7-4F1E-BA1E-B1F6F2AA3AA1}.Release|Any CPU.ActiveCfg = Release|Any CPU
		{DF37542B-99E7-4F1E-BA1E-B1F6F2AA3AA1}.Release|Any CPU.Build.0 = Release|Any CPU
		{48B50DCE-ACD8-4658-AF93-410DC395D149}.Debug|Any CPU.ActiveCfg = Debug|Any CPU
		{48B50DCE-ACD8-4658-AF93-410DC395D149}.Debug|Any CPU.Build.0 = Debug|Any CPU
		{48B50DCE-ACD8-4658-AF93-410DC395D149}.Release|Any CPU.ActiveCfg = Release|Any CPU
		{48B50DCE-ACD8-4658-AF93-410DC395D149}.Release|Any CPU.Build.0 = Release|Any CPU
		{B394FCC7-046B-4E48-94C6-D52FF7B22401}.Debug|Any CPU.ActiveCfg = Debug|Any CPU
		{B394FCC7-046B-4E48-94C6-D52FF7B22401}.Debug|Any CPU.Build.0 = Debug|Any CPU
		{B394FCC7-046B-4E48-94C6-D52FF7B22401}.Release|Any CPU.ActiveCfg = Release|Any CPU
		{B394FCC7-046B-4E48-94C6-D52FF7B22401}.Release|Any CPU.Build.0 = Release|Any CPU
		{4716828B-117D-4139-A260-51DA01A9ACE2}.Debug|Any CPU.ActiveCfg = Debug|Any CPU
		{4716828B-117D-4139-A260-51DA01A9ACE2}.Debug|Any CPU.Build.0 = Debug|Any CPU
		{4716828B-117D-4139-A260-51DA01A9ACE2}.Release|Any CPU.ActiveCfg = Release|Any CPU
		{4716828B-117D-4139-A260-51DA01A9ACE2}.Release|Any CPU.Build.0 = Release|Any CPU
		{9DA751A8-2526-4FF7-9E20-DA9C921AFCFB}.Debug|Any CPU.ActiveCfg = Debug|Any CPU
		{9DA751A8-2526-4FF7-9E20-DA9C921AFCFB}.Debug|Any CPU.Build.0 = Debug|Any CPU
		{9DA751A8-2526-4FF7-9E20-DA9C921AFCFB}.Release|Any CPU.ActiveCfg = Release|Any CPU
		{9DA751A8-2526-4FF7-9E20-DA9C921AFCFB}.Release|Any CPU.Build.0 = Release|Any CPU
		{D59E231B-09C2-497B-8808-BD095F876F37}.Debug|Any CPU.ActiveCfg = Debug|Any CPU
		{D59E231B-09C2-497B-8808-BD095F876F37}.Debug|Any CPU.Build.0 = Debug|Any CPU
		{D59E231B-09C2-497B-8808-BD095F876F37}.Release|Any CPU.ActiveCfg = Release|Any CPU
		{D59E231B-09C2-497B-8808-BD095F876F37}.Release|Any CPU.Build.0 = Release|Any CPU
	EndGlobalSection
	GlobalSection(SolutionProperties) = preSolution
		HideSolutionNode = FALSE
	EndGlobalSection
	GlobalSection(ExtensibilityGlobals) = postSolution
		SolutionGuid = {60CA5308-3BBE-4491-A091-B4AD70632E2D}
	EndGlobalSection
EndGlobal
